
Microsoft Visual Studio Solution File, Format Version 12.00
# Visual Studio Version 17
VisualStudioVersion = 17.0.31903.59
MinimumVisualStudioVersion = 10.0.40219.1
Project("{2150E333-8FDC-42A3-9474-1A3956D46DE8}") = "src", "src", "{02EA681E-C7D8-13C7-8484-4AC65E1B71E8}"
EndProject
Project("{FAE04EC0-301F-11D3-BF4B-00C04F79EFBC}") = "SimpleChat.Server", "src\SimpleChat.Server\SimpleChat.Server.csproj", "{33C8962C-6301-415A-8E5F-342D97B9E232}"
EndProject
Project("{FAE04EC0-301F-11D3-BF4B-00C04F79EFBC}") = "SimpleChat.Shared", "src\SimpleChat.Shared\SimpleChat.Shared.csproj", "{86141B1F-9458-4E65-A0ED-5A105D3DED2E}"
EndProject
Global
	GlobalSection(SolutionConfigurationPlatforms) = preSolution
		Debug|Any CPU = Debug|Any CPU
		Release|Any CPU = Release|Any CPU
	EndGlobalSection
	GlobalSection(ProjectConfigurationPlatforms) = postSolution
		{33C8962C-6301-415A-8E5F-342D97B9E232}.Debug|Any CPU.ActiveCfg = Debug|Any CPU
		{33C8962C-6301-415A-8E5F-342D97B9E232}.Debug|Any CPU.Build.0 = Debug|Any CPU
		{33C8962C-6301-415A-8E5F-342D97B9E232}.Release|Any CPU.ActiveCfg = Release|Any CPU
		{33C8962C-6301-415A-8E5F-342D97B9E232}.Release|Any CPU.Build.0 = Release|Any CPU
		{86141B1F-9458-4E65-A0ED-5A105D3DED2E}.Debug|Any CPU.ActiveCfg = Debug|Any CPU
		{86141B1F-9458-4E65-A0ED-5A105D3DED2E}.Debug|Any CPU.Build.0 = Debug|Any CPU
		{86141B1F-9458-4E65-A0ED-5A105D3DED2E}.Release|Any CPU.ActiveCfg = Release|Any CPU
		{86141B1F-9458-4E65-A0ED-5A105D3DED2E}.Release|Any CPU.Build.0 = Release|Any CPU
	EndGlobalSection
	GlobalSection(SolutionProperties) = preSolution
		HideSolutionNode = FALSE
	EndGlobalSection
	GlobalSection(NestedProjects) = preSolution
		{33C8962C-6301-415A-8E5F-342D97B9E232} = {02EA681E-C7D8-13C7-8484-4AC65E1B71E8}
		{86141B1F-9458-4E65-A0ED-5A105D3DED2E} = {02EA681E-C7D8-13C7-8484-4AC65E1B71E8}
	EndGlobalSection
	GlobalSection(ExtensibilityGlobals) = postSolution
		SolutionGuid = {4568C544-207A-4973-9B65-7E0A3B5FC0E7}
	EndGlobalSection
EndGlobal
